{
  "name": "wgc-serverless-cms-fileservice",
  "version": "1.0.0",
  "lockfileVersion": 2,
  "requires": true,
  "packages": {
    "": {
      "name": "wgc-serverless-cms-fileservice",
      "version": "1.0.0",
      "license": "Apache-2.0",
      "dependencies": {
        "aws-lambda-multipart-parser": "0.1.2"
      }
    },
    "node_modules/aws-lambda-multipart-parser": {
      "version": "0.1.2",
      "resolved": "https://registry.npmjs.org/aws-lambda-multipart-parser/-/aws-lambda-multipart-parser-0.1.2.tgz",
      "integrity": "sha512-+ieuD/3KR5Fu2lzpW65wgDlObuAT9YXdXXLXhXoG2wRpGFmfCHkRmhavun4zKFkrVfov2nQRziMPk/DsW/g+dQ=="
    }
  },
  "dependencies": {
    "aws-lambda-multipart-parser": {
      "version": "0.1.2",
      "resolved": "https://registry.npmjs.org/aws-lambda-multipart-parser/-/aws-lambda-multipart-parser-0.1.2.tgz",
      "integrity": "sha512-+ieuD/3KR5Fu2lzpW65wgDlObuAT9YXdXXLXhXoG2wRpGFmfCHkRmhavun4zKFkrVfov2nQRziMPk/DsW/g+dQ=="
    }
  }
}
