{
  "name": "aws-serverless-cms-backup",
  "version": "1.0.0",
  "lockfileVersion": 2,
  "requires": true,
  "packages": {
    "": {
      "name": "aws-serverless-cms-backup",
      "version": "1.0.0",
      "license": "Apache-2.0",
      "dependencies": {
        "adm-zip": "^0.4.14",
        "mime": "^2.4.5"
      }
    },
    "node_modules/adm-zip": {
      "version": "0.4.14",
      "resolved": "https://registry.npmjs.org/adm-zip/-/adm-zip-0.4.14.tgz",
      "integrity": "sha512-/9aQCnQHF+0IiCl0qhXoK7qs//SwYE7zX8lsr/DNk1BRAHYxeLZPL4pguwK29gUEqasYQjqPtEpDRSWEkdHn9g==",
      "engines": {
        "node": ">=0.3.0"
      }
    },
    "node_modules/mime": {
      "version": "2.4.5",
      "resolved": "https://registry.npmjs.org/mime/-/mime-2.4.5.tgz",
      "integrity": "sha512-3hQhEUF027BuxZjQA3s7rIv/7VCQPa27hN9u9g87sEkWaKwQPuXOkVKtOeiyUrnWqTDiOs8Ed2rwg733mB0R5w==",
      "bin": {
        "mime": "cli.js"
      },
      "engines": {
        "node": ">=4.0.0"
      }
    }
  },
  "dependencies": {
    "adm-zip": {
      "version": "0.4.14",
      "resolved": "https://registry.npmjs.org/adm-zip/-/adm-zip-0.4.14.tgz",
      "integrity": "sha512-/9aQCnQHF+0IiCl0qhXoK7qs//SwYE7zX8lsr/DNk1BRAHYxeLZPL4pguwK29gUEqasYQjqPtEpDRSWEkdHn9g=="
    },
    "mime": {
      "version": "2.4.5",
      "resolved": "https://registry.npmjs.org/mime/-/mime-2.4.5.tgz",
      "integrity": "sha512-3hQhEUF027BuxZjQA3s7rIv/7VCQPa27hN9u9g87sEkWaKwQPuXOkVKtOeiyUrnWqTDiOs8Ed2rwg733mB0R5w=="
    }
  }
}
