{
  "name": "aws-serverless-cms-algoliaindexer",
  "version": "1.0.0",
  "lockfileVersion": 2,
  "requires": true,
  "packages": {
    "": {
      "name": "aws-serverless-cms-algoliaindexer",
      "version": "1.0.0",
      "license": "Apache-2.0",
      "dependencies": {
        "algoliasearch": "^4.17.1"
      }
    },
    "node_modules/@algolia/cache-browser-local-storage": {
      "version": "4.17.1",
      "resolved": "https://registry.npmjs.org/@algolia/cache-browser-local-storage/-/cache-browser-local-storage-4.17.1.tgz",
      "integrity": "sha512-e91Jpu93X3t3mVdQwF3ZDjSFMFIfzSc+I76G4EX8nl9RYXgqcjframoL05VTjcD2YCsI18RIHAWVCBoCXVZnrw==",
      "dependencies": {
        "@algolia/cache-common": "4.17.1"
      }
    },
    "node_modules/@algolia/cache-common": {
      "version": "4.17.1",
      "resolved": "https://registry.npmjs.org/@algolia/cache-common/-/cache-common-4.17.1.tgz",
      "integrity": "sha512-fvi1WT8aSiGAKrcTw8Qg3RYgcwW8GZMHcqEm4AyDBEy72JZlFBSY80cTQ75MslINjCHXLDT+9EN8AGI9WVY7uA=="
    },
    "node_modules/@algolia/cache-in-memory": {
      "version": "4.17.1",
      "resolved": "https://registry.npmjs.org/@algolia/cache-in-memory/-/cache-in-memory-4.17.1.tgz",
      "integrity": "sha512-NbBt6eBWlsXc5geSpfPRC5dkIB/0Ptthw8r0yM5Z7D3sPlYdnTZSO9y9XWXIptRMwmZe4cM8iBMN8y0tzbcBkA==",
      "dependencies": {
        "@algolia/cache-common": "4.17.1"
      }
    },
    "node_modules/@algolia/client-account": {
      "version": "4.17.1",
      "resolved": "https://registry.npmjs.org/@algolia/client-account/-/client-account-4.17.1.tgz",
      "integrity": "sha512-3rL/6ofJvyL+q8TiWM3qoM9tig+SY4gB1Vbsj+UeJPnJm8Khm+7OS+r+mFraqR6pTehYqN8yGYoE7x4diEn4aA==",
      "dependencies": {
        "@algolia/client-common": "4.17.1",
        "@algolia/client-search": "4.17.1",
        "@algolia/transporter": "4.17.1"
      }
    },
    "node_modules/@algolia/client-analytics": {
      "version": "4.17.1",
      "resolved": "https://registry.npmjs.org/@algolia/client-analytics/-/client-analytics-4.17.1.tgz",
      "integrity": "sha512-Bepr2w249vODqeBtM7i++tPmUsQ9B81aupUGbDWmjA/FX+jzQqOdhW8w1CFO5kWViNKTbz2WBIJ9U3x8hOa4bA==",
      "dependencies": {
        "@algolia/client-common": "4.17.1",
        "@algolia/client-search": "4.17.1",
        "@algolia/requester-common": "4.17.1",
        "@algolia/transporter": "4.17.1"
      }
    },
    "node_modules/@algolia/client-common": {
      "version": "4.17.1",
      "resolved": "https://registry.npmjs.org/@algolia/client-common/-/client-common-4.17.1.tgz",
      "integrity": "sha512-+r7kg4EgbFnGsDnoGSVNtXZO8xvZ0vzf1WAOV7sqV9PMf1bp6cpJP/3IuPrSk4t5w2KVl+pC8jfTM7HcFlfBEQ==",
      "dependencies": {
        "@algolia/requester-common": "4.17.1",
        "@algolia/transporter": "4.17.1"
      }
    },
    "node_modules/@algolia/client-personalization": {
      "version": "4.17.1",
      "resolved": "https://registry.npmjs.org/@algolia/client-personalization/-/client-personalization-4.17.1.tgz",
      "integrity": "sha512-gJku9DG/THJpfsSlG/az0a3QIn+VVff9kKh8PG8+7ZfxOHS+C+Y5YSeZVsC+c2cfoKLPo3CuHIiJ/p86erR3bA==",
      "dependencies": {
        "@algolia/client-common": "4.17.1",
        "@algolia/requester-common": "4.17.1",
        "@algolia/transporter": "4.17.1"
      }
    },
    "node_modules/@algolia/client-search": {
      "version": "4.17.1",
      "resolved": "https://registry.npmjs.org/@algolia/client-search/-/client-search-4.17.1.tgz",
      "integrity": "sha512-Q5YfT5gVkx60PZDQBqp/zH9aUbBdC7HVvxupiHUgnCKqRQsRZjOhLest7AI6FahepuZLBZS62COrO7v+JvKY7w==",
      "dependencies": {
        "@algolia/client-common": "4.17.1",
        "@algolia/requester-common": "4.17.1",
        "@algolia/transporter": "4.17.1"
      }
    },
    "node_modules/@algolia/logger-common": {
      "version": "4.17.1",
      "resolved": "https://registry.npmjs.org/@algolia/logger-common/-/logger-common-4.17.1.tgz",
      "integrity": "sha512-Us28Ot+fLEmX9M96sa65VZ8EyEEzhYPxfhV9aQyKDjfXbUdJlJxKt6wZpoEg9RAPSdO8IjK9nmuW2P8au3rRsg=="
    },
    "node_modules/@algolia/logger-console": {
      "version": "4.17.1",
      "resolved": "https://registry.npmjs.org/@algolia/logger-console/-/logger-console-4.17.1.tgz",
      "integrity": "sha512-iKGQTpOjHiE64W3JIOu6dmDvn+AfYIElI9jf/Nt6umRPmP/JI9rK+OHUoW4pKrBtdG0DPd62ppeNXzSnLxY6/g==",
      "dependencies": {
        "@algolia/logger-common": "4.17.1"
      }
    },
    "node_modules/@algolia/requester-browser-xhr": {
      "version": "4.17.1",
      "resolved": "https://registry.npmjs.org/@algolia/requester-browser-xhr/-/requester-browser-xhr-4.17.1.tgz",
      "integrity": "sha512-W5mGfGDsyfVR+r4pUFrYLGBEM18gs38+GNt5PE5uPULy4uVTSnnVSkJkWeRkmLBk9zEZ/Nld8m4zavK6dtEuYg==",
      "dependencies": {
        "@algolia/requester-common": "4.17.1"
      }
    },
    "node_modules/@algolia/requester-common": {
      "version": "4.17.1",
      "resolved": "https://registry.npmjs.org/@algolia/requester-common/-/requester-common-4.17.1.tgz",
      "integrity": "sha512-HggXdjvVFQR0I5l7hM5WdHgQ1tqcRWeyXZz8apQ7zPWZhirmY2E9D6LVhDh/UnWQNEm7nBtM+eMFONJ3bZccIQ=="
    },
    "node_modules/@algolia/requester-node-http": {
      "version": "4.17.1",
      "resolved": "https://registry.npmjs.org/@algolia/requester-node-http/-/requester-node-http-4.17.1.tgz",
      "integrity": "sha512-NzFWecXT6d0PPsQY9L+/qoK2deF74OLcpvqCH+Vh3mh+QzPsFafcBExdguAjZsAWDn1R6JEeFW7/fo/p0SE57w==",
      "dependencies": {
        "@algolia/requester-common": "4.17.1"
      }
    },
    "node_modules/@algolia/transporter": {
      "version": "4.17.1",
      "resolved": "https://registry.npmjs.org/@algolia/transporter/-/transporter-4.17.1.tgz",
      "integrity": "sha512-ZM+qhX47Vh46mWH8/U9ihvy98HdTYpYQDSlqBD7IbiUbbyoCMke+qmdSX2MGhR2FCcXBSxejsJKKVAfbpaLVgg==",
      "dependencies": {
        "@algolia/cache-common": "4.17.1",
        "@algolia/logger-common": "4.17.1",
        "@algolia/requester-common": "4.17.1"
      }
    },
    "node_modules/algoliasearch": {
      "version": "4.17.1",
      "resolved": "https://registry.npmjs.org/algoliasearch/-/algoliasearch-4.17.1.tgz",
      "integrity": "sha512-4GDQ1RhP2qUR3x8PevFRbEdqZqIARNViZYjgTJmA1T7wRNtFA3W4Aqc/RsODqa1J8IO/QDla5x4tWuUS8NV8wA==",
      "dependencies": {
        "@algolia/cache-browser-local-storage": "4.17.1",
        "@algolia/cache-common": "4.17.1",
        "@algolia/cache-in-memory": "4.17.1",
        "@algolia/client-account": "4.17.1",
        "@algolia/client-analytics": "4.17.1",
        "@algolia/client-common": "4.17.1",
        "@algolia/client-personalization": "4.17.1",
        "@algolia/client-search": "4.17.1",
        "@algolia/logger-common": "4.17.1",
        "@algolia/logger-console": "4.17.1",
        "@algolia/requester-browser-xhr": "4.17.1",
        "@algolia/requester-common": "4.17.1",
        "@algolia/requester-node-http": "4.17.1",
        "@algolia/transporter": "4.17.1"
      }
    }
  },
  "dependencies": {
    "@algolia/cache-browser-local-storage": {
      "version": "4.17.1",
      "resolved": "https://registry.npmjs.org/@algolia/cache-browser-local-storage/-/cache-browser-local-storage-4.17.1.tgz",
      "integrity": "sha512-e91Jpu93X3t3mVdQwF3ZDjSFMFIfzSc+I76G4EX8nl9RYXgqcjframoL05VTjcD2YCsI18RIHAWVCBoCXVZnrw==",
      "requires": {
        "@algolia/cache-common": "4.17.1"
      }
    },
    "@algolia/cache-common": {
      "version": "4.17.1",
      "resolved": "https://registry.npmjs.org/@algolia/cache-common/-/cache-common-4.17.1.tgz",
      "integrity": "sha512-fvi1WT8aSiGAKrcTw8Qg3RYgcwW8GZMHcqEm4AyDBEy72JZlFBSY80cTQ75MslINjCHXLDT+9EN8AGI9WVY7uA=="
    },
    "@algolia/cache-in-memory": {
      "version": "4.17.1",
      "resolved": "https://registry.npmjs.org/@algolia/cache-in-memory/-/cache-in-memory-4.17.1.tgz",
      "integrity": "sha512-NbBt6eBWlsXc5geSpfPRC5dkIB/0Ptthw8r0yM5Z7D3sPlYdnTZSO9y9XWXIptRMwmZe4cM8iBMN8y0tzbcBkA==",
      "requires": {
        "@algolia/cache-common": "4.17.1"
      }
    },
    "@algolia/client-account": {
      "version": "4.17.1",
      "resolved": "https://registry.npmjs.org/@algolia/client-account/-/client-account-4.17.1.tgz",
      "integrity": "sha512-3rL/6ofJvyL+q8TiWM3qoM9tig+SY4gB1Vbsj+UeJPnJm8Khm+7OS+r+mFraqR6pTehYqN8yGYoE7x4diEn4aA==",
      "requires": {
        "@algolia/client-common": "4.17.1",
        "@algolia/client-search": "4.17.1",
        "@algolia/transporter": "4.17.1"
      }
    },
    "@algolia/client-analytics": {
      "version": "4.17.1",
      "resolved": "https://registry.npmjs.org/@algolia/client-analytics/-/client-analytics-4.17.1.tgz",
      "integrity": "sha512-Bepr2w249vODqeBtM7i++tPmUsQ9B81aupUGbDWmjA/FX+jzQqOdhW8w1CFO5kWViNKTbz2WBIJ9U3x8hOa4bA==",
      "requires": {
        "@algolia/client-common": "4.17.1",
        "@algolia/client-search": "4.17.1",
        "@algolia/requester-common": "4.17.1",
        "@algolia/transporter": "4.17.1"
      }
    },
    "@algolia/client-common": {
      "version": "4.17.1",
      "resolved": "https://registry.npmjs.org/@algolia/client-common/-/client-common-4.17.1.tgz",
      "integrity": "sha512-+r7kg4EgbFnGsDnoGSVNtXZO8xvZ0vzf1WAOV7sqV9PMf1bp6cpJP/3IuPrSk4t5w2KVl+pC8jfTM7HcFlfBEQ==",
      "requires": {
        "@algolia/requester-common": "4.17.1",
        "@algolia/transporter": "4.17.1"
      }
    },
    "@algolia/client-personalization": {
      "version": "4.17.1",
      "resolved": "https://registry.npmjs.org/@algolia/client-personalization/-/client-personalization-4.17.1.tgz",
      "integrity": "sha512-gJku9DG/THJpfsSlG/az0a3QIn+VVff9kKh8PG8+7ZfxOHS+C+Y5YSeZVsC+c2cfoKLPo3CuHIiJ/p86erR3bA==",
      "requires": {
        "@algolia/client-common": "4.17.1",
        "@algolia/requester-common": "4.17.1",
        "@algolia/transporter": "4.17.1"
      }
    },
    "@algolia/client-search": {
      "version": "4.17.1",
      "resolved": "https://registry.npmjs.org/@algolia/client-search/-/client-search-4.17.1.tgz",
      "integrity": "sha512-Q5YfT5gVkx60PZDQBqp/zH9aUbBdC7HVvxupiHUgnCKqRQsRZjOhLest7AI6FahepuZLBZS62COrO7v+JvKY7w==",
      "requires": {
        "@algolia/client-common": "4.17.1",
        "@algolia/requester-common": "4.17.1",
        "@algolia/transporter": "4.17.1"
      }
    },
    "@algolia/logger-common": {
      "version": "4.17.1",
      "resolved": "https://registry.npmjs.org/@algolia/logger-common/-/logger-common-4.17.1.tgz",
      "integrity": "sha512-Us28Ot+fLEmX9M96sa65VZ8EyEEzhYPxfhV9aQyKDjfXbUdJlJxKt6wZpoEg9RAPSdO8IjK9nmuW2P8au3rRsg=="
    },
    "@algolia/logger-console": {
      "version": "4.17.1",
      "resolved": "https://registry.npmjs.org/@algolia/logger-console/-/logger-console-4.17.1.tgz",
      "integrity": "sha512-iKGQTpOjHiE64W3JIOu6dmDvn+AfYIElI9jf/Nt6umRPmP/JI9rK+OHUoW4pKrBtdG0DPd62ppeNXzSnLxY6/g==",
      "requires": {
        "@algolia/logger-common": "4.17.1"
      }
    },
    "@algolia/requester-browser-xhr": {
      "version": "4.17.1",
      "resolved": "https://registry.npmjs.org/@algolia/requester-browser-xhr/-/requester-browser-xhr-4.17.1.tgz",
      "integrity": "sha512-W5mGfGDsyfVR+r4pUFrYLGBEM18gs38+GNt5PE5uPULy4uVTSnnVSkJkWeRkmLBk9zEZ/Nld8m4zavK6dtEuYg==",
      "requires": {
        "@algolia/requester-common": "4.17.1"
      }
    },
    "@algolia/requester-common": {
      "version": "4.17.1",
      "resolved": "https://registry.npmjs.org/@algolia/requester-common/-/requester-common-4.17.1.tgz",
      "integrity": "sha512-HggXdjvVFQR0I5l7hM5WdHgQ1tqcRWeyXZz8apQ7zPWZhirmY2E9D6LVhDh/UnWQNEm7nBtM+eMFONJ3bZccIQ=="
    },
    "@algolia/requester-node-http": {
      "version": "4.17.1",
      "resolved": "https://registry.npmjs.org/@algolia/requester-node-http/-/requester-node-http-4.17.1.tgz",
      "integrity": "sha512-NzFWecXT6d0PPsQY9L+/qoK2deF74OLcpvqCH+Vh3mh+QzPsFafcBExdguAjZsAWDn1R6JEeFW7/fo/p0SE57w==",
      "requires": {
        "@algolia/requester-common": "4.17.1"
      }
    },
    "@algolia/transporter": {
      "version": "4.17.1",
      "resolved": "https://registry.npmjs.org/@algolia/transporter/-/transporter-4.17.1.tgz",
      "integrity": "sha512-ZM+qhX47Vh46mWH8/U9ihvy98HdTYpYQDSlqBD7IbiUbbyoCMke+qmdSX2MGhR2FCcXBSxejsJKKVAfbpaLVgg==",
      "requires": {
        "@algolia/cache-common": "4.17.1",
        "@algolia/logger-common": "4.17.1",
        "@algolia/requester-common": "4.17.1"
      }
    },
    "algoliasearch": {
      "version": "4.17.1",
      "resolved": "https://registry.npmjs.org/algoliasearch/-/algoliasearch-4.17.1.tgz",
      "integrity": "sha512-4GDQ1RhP2qUR3x8PevFRbEdqZqIARNViZYjgTJmA1T7wRNtFA3W4Aqc/RsODqa1J8IO/QDla5x4tWuUS8NV8wA==",
      "requires": {
        "@algolia/cache-browser-local-storage": "4.17.1",
        "@algolia/cache-common": "4.17.1",
        "@algolia/cache-in-memory": "4.17.1",
        "@algolia/client-account": "4.17.1",
        "@algolia/client-analytics": "4.17.1",
        "@algolia/client-common": "4.17.1",
        "@algolia/client-personalization": "4.17.1",
        "@algolia/client-search": "4.17.1",
        "@algolia/logger-common": "4.17.1",
        "@algolia/logger-console": "4.17.1",
        "@algolia/requester-browser-xhr": "4.17.1",
        "@algolia/requester-common": "4.17.1",
        "@algolia/requester-node-http": "4.17.1",
        "@algolia/transporter": "4.17.1"
      }
    }
  }
}
